// !$*UTF8*$!
{
	archiveVersion = 1;
	classes = {
	};
	objectVersion = 56;
	objects = {

/* Begin PBXBuildFile section */
		3079DFCA2CAD94C30003E9A9 /* main.swift in Sources */ = {isa = PBXBuildFile; fileRef = 3079DFC92CAD94C30003E9A9 /* main.swift */; };
		3079DFD12CAD95DA0003E9A9 /* new.swift in Sources */ = {isa = PBXBuildFile; fileRef = 3079DFD02CAD95DA0003E9A9 /* new.swift */; };
		3079DFD32CAF25580003E9A9 /* strings.swift in Sources */ = {isa = PBXBuildFile; fileRef = 3079DFD22CAF25580003E9A9 /* strings.swift */; };
		3079DFD52CAF9A800003E9A9 /* logical_data_type.swift in Sources */ = {isa = PBXBuildFile; fileRef = 3079DFD42CAF9A800003E9A9 /* logical_data_type.swift */; };
		3079DFD72CAF9C610003E9A9 /* type_aliases.swift in Sources */ = {isa = PBXBuildFile; fileRef = 3079DFD62CAF9C610003E9A9 /* type_aliases.swift */; };
		3079DFD92CAF9D8B0003E9A9 /* additional_information_about_data_types.swift in Sources */ = {isa = PBXBuildFile; fileRef = 3079DFD82CAF9D8B0003E9A9 /* additional_information_about_data_types.swift */; };
		308E5D4D2CB1752200C554C1 /* tuples.swift in Sources */ = {isa = PBXBuildFile; fileRef = 308E5D4C2CB1752200C554C1 /* tuples.swift */; };
		30A214F42CC0F3EF0048338C /* functions.swift in Sources */ = {isa = PBXBuildFile; fileRef = 30A214F32CC0F3EF0048338C /* functions.swift */; };
		30A214F62CC517870048338C /* closure.swift in Sources */ = {isa = PBXBuildFile; fileRef = 30A214F52CC517870048338C /* closure.swift */; };
		30A214F82CC63C350048338C /* additional_features.swift in Sources */ = {isa = PBXBuildFile; fileRef = 30A214F72CC63C350048338C /* additional_features.swift */; };
		30A214FA2CC770C30048338C /* lazy_calculations.swift in Sources */ = {isa = PBXBuildFile; fileRef = 30A214F92CC770C30048338C /* lazy_calculations.swift */; };
		30A214FD2CC77B650048338C /* the_sum_console_application_two_numbers.swift in Sources */ = {isa = PBXBuildFile; fileRef = 30A214FC2CC77B650048338C /* the_sum_console_application_two_numbers.swift */; };
		30A215012CC783C30048338C /* the_console_game_guess_the_number.swift in Sources */ = {isa = PBXBuildFile; fileRef = 30A215002CC783C30048338C /* the_console_game_guess_the_number.swift */; };
		30A215042CC83BB60048338C /* enum.swift in Sources */ = {isa = PBXBuildFile; fileRef = 30A215032CC83BB60048338C /* enum.swift */; };
		30A215062CC8B1000048338C /* structure.swift in Sources */ = {isa = PBXBuildFile; fileRef = 30A215052CC8B1000048338C /* structure.swift */; };
		30A215082CC968900048338C /* class.swift in Sources */ = {isa = PBXBuildFile; fileRef = 30A215072CC968900048338C /* class.swift */; };
		30A2150A2CC96BD70048338C /* features.swift in Sources */ = {isa = PBXBuildFile; fileRef = 30A215092CC96BD70048338C /* features.swift */; };
		30F455732CB3BDDF00E8DED9 /* sequences_and_collections.swift in Sources */ = {isa = PBXBuildFile; fileRef = 30F455722CB3BDDF00E8DED9 /* sequences_and_collections.swift */; };
		30F455752CB4545C00E8DED9 /* range.swift in Sources */ = {isa = PBXBuildFile; fileRef = 30F455742CB4545C00E8DED9 /* range.swift */; };
		30F455772CB5ABE900E8DED9 /* arrays.swift in Sources */ = {isa = PBXBuildFile; fileRef = 30F455762CB5ABE900E8DED9 /* arrays.swift */; };
		30F455792CB70B3300E8DED9 /* set.swift in Sources */ = {isa = PBXBuildFile; fileRef = 30F455782CB70B3300E8DED9 /* set.swift */; };
		30F4557B2CB834A200E8DED9 /* dictionary.swift in Sources */ = {isa = PBXBuildFile; fileRef = 30F4557A2CB834A200E8DED9 /* dictionary.swift */; };
		30F4557D2CB86DC600E8DED9 /* string.swift in Sources */ = {isa = PBXBuildFile; fileRef = 30F4557C2CB86DC600E8DED9 /* string.swift */; };
		30F4559D2CB965B200E8DED9 /* the_main_control_operators.swift in Sources */ = {isa = PBXBuildFile; fileRef = 30F4559C2CB965B200E8DED9 /* the_main_control_operators.swift */; };
		30F4559F2CB9B83300E8DED9 /* optional_data_types.swift in Sources */ = {isa = PBXBuildFile; fileRef = 30F4559E2CB9B83300E8DED9 /* optional_data_types.swift */; };
/* End PBXBuildFile section */

/* Begin PBXCopyFilesBuildPhase section */
		3079DFC42CAD94C30003E9A9 /* CopyFiles */ = {
			isa = PBXCopyFilesBuildPhase;
			buildActionMask = 2147483647;
			dstPath = /usr/share/man/man1/;
			dstSubfolderSpec = 0;
			files = (
			);
			runOnlyForDeploymentPostprocessing = 1;
		};
/* End PBXCopyFilesBuildPhase section */

/* Begin PBXFileReference section */
		3079DFC62CAD94C30003E9A9 /* Swift_learning */ = {isa = PBXFileReference; explicitFileType = "compiled.mach-o.executable"; includeInIndex = 0; path = Swift_learning; sourceTree = BUILT_PRODUCTS_DIR; };
		3079DFC92CAD94C30003E9A9 /* main.swift */ = {isa = PBXFileReference; lastKnownFileType = sourcecode.swift; path = main.swift; sourceTree = "<group>"; };
		3079DFD02CAD95DA0003E9A9 /* new.swift */ = {isa = PBXFileReference; lastKnownFileType = sourcecode.swift; path = new.swift; sourceTree = "<group>"; };
		3079DFD22CAF25580003E9A9 /* strings.swift */ = {isa = PBXFileReference; lastKnownFileType = sourcecode.swift; path = strings.swift; sourceTree = "<group>"; };
		3079DFD42CAF9A800003E9A9 /* logical_data_type.swift */ = {isa = PBXFileReference; lastKnownFileType = sourcecode.swift; path = logical_data_type.swift; sourceTree = "<group>"; };
		3079DFD62CAF9C610003E9A9 /* type_aliases.swift */ = {isa = PBXFileReference; lastKnownFileType = sourcecode.swift; path = type_aliases.swift; sourceTree = "<group>"; };
		3079DFD82CAF9D8B0003E9A9 /* additional_information_about_data_types.swift */ = {isa = PBXFileReference; lastKnownFileType = sourcecode.swift; path = additional_information_about_data_types.swift; sourceTree = "<group>"; };
		308E5D4C2CB1752200C554C1 /* tuples.swift */ = {isa = PBXFileReference; lastKnownFileType = sourcecode.swift; path = tuples.swift; sourceTree = "<group>"; };
		30A214F32CC0F3EF0048338C /* functions.swift */ = {isa = PBXFileReference; lastKnownFileType = sourcecode.swift; path = functions.swift; sourceTree = "<group>"; };
		30A214F52CC517870048338C /* closure.swift */ = {isa = PBXFileReference; lastKnownFileType = sourcecode.swift; path = closure.swift; sourceTree = "<group>"; };
		30A214F72CC63C350048338C /* additional_features.swift */ = {isa = PBXFileReference; lastKnownFileType = sourcecode.swift; path = additional_features.swift; sourceTree = "<group>"; };
		30A214F92CC770C30048338C /* lazy_calculations.swift */ = {isa = PBXFileReference; lastKnownFileType = sourcecode.swift; path = lazy_calculations.swift; sourceTree = "<group>"; };
		30A214FC2CC77B650048338C /* the_sum_console_application_two_numbers.swift */ = {isa = PBXFileReference; lastKnownFileType = sourcecode.swift; path = the_sum_console_application_two_numbers.swift; sourceTree = "<group>"; };
		30A215002CC783C30048338C /* the_console_game_guess_the_number.swift */ = {isa = PBXFileReference; lastKnownFileType = sourcecode.swift; path = the_console_game_guess_the_number.swift; sourceTree = "<group>"; };
		30A215032CC83BB60048338C /* enum.swift */ = {isa = PBXFileReference; lastKnownFileType = sourcecode.swift; path = enum.swift; sourceTree = "<group>"; };
		30A215052CC8B1000048338C /* structure.swift */ = {isa = PBXFileReference; lastKnownFileType = sourcecode.swift; path = structure.swift; sourceTree = "<group>"; };
		30A215072CC968900048338C /* class.swift */ = {isa = PBXFileReference; lastKnownFileType = sourcecode.swift; path = class.swift; sourceTree = "<group>"; };
		30A215092CC96BD70048338C /* features.swift */ = {isa = PBXFileReference; lastKnownFileType = sourcecode.swift; path = features.swift; sourceTree = "<group>"; };
		30F455722CB3BDDF00E8DED9 /* sequences_and_collections.swift */ = {isa = PBXFileReference; fileEncoding = 4; lastKnownFileType = sourcecode.swift; path = sequences_and_collections.swift; sourceTree = "<group>"; };
		30F455742CB4545C00E8DED9 /* range.swift */ = {isa = PBXFileReference; lastKnownFileType = sourcecode.swift; path = range.swift; sourceTree = "<group>"; };
		30F455762CB5ABE900E8DED9 /* arrays.swift */ = {isa = PBXFileReference; lastKnownFileType = sourcecode.swift; path = arrays.swift; sourceTree = "<group>"; };
		30F455782CB70B3300E8DED9 /* set.swift */ = {isa = PBXFileReference; lastKnownFileType = sourcecode.swift; path = set.swift; sourceTree = "<group>"; };
		30F4557A2CB834A200E8DED9 /* dictionary.swift */ = {isa = PBXFileReference; lastKnownFileType = sourcecode.swift; path = dictionary.swift; sourceTree = "<group>"; };
		30F4557C2CB86DC600E8DED9 /* string.swift */ = {isa = PBXFileReference; lastKnownFileType = sourcecode.swift; path = string.swift; sourceTree = "<group>"; };
		30F4559C2CB965B200E8DED9 /* the_main_control_operators.swift */ = {isa = PBXFileReference; lastKnownFileType = sourcecode.swift; path = the_main_control_operators.swift; sourceTree = "<group>"; };
		30F4559E2CB9B83300E8DED9 /* optional_data_types.swift */ = {isa = PBXFileReference; lastKnownFileType = sourcecode.swift; path = optional_data_types.swift; sourceTree = "<group>"; };
/* End PBXFileReference section */

/* Begin PBXFrameworksBuildPhase section */
		3079DFC32CAD94C30003E9A9 /* Frameworks */ = {
			isa = PBXFrameworksBuildPhase;
			buildActionMask = 2147483647;
			files = (
			);
			runOnlyForDeploymentPostprocessing = 0;
		};
/* End PBXFrameworksBuildPhase section */

/* Begin PBXGroup section */
		3079DFBD2CAD94C30003E9A9 = {
			isa = PBXGroup;
			children = (
				3079DFC82CAD94C30003E9A9 /* Swift_learning */,
				3079DFC72CAD94C30003E9A9 /* Products */,
			);
			sourceTree = "<group>";
		};
		3079DFC72CAD94C30003E9A9 /* Products */ = {
			isa = PBXGroup;
			children = (
				3079DFC62CAD94C30003E9A9 /* Swift_learning */,
			);
			name = Products;
			sourceTree = "<group>";
		};
		3079DFC82CAD94C30003E9A9 /* Swift_learning */ = {
			isa = PBXGroup;
			children = (
				30A215022CC83B960048338C /* chapter_fifth */,
				30A214FB2CC77B2E0048338C /* chapter_fourth */,
				30F4559B2CB9656A00E8DED9 /* chapter_third */,
				308E5D4B2CB174FB00C554C1 /* chapter_second */,
				3079DFDA2CB174AB0003E9A9 /* chapter_first */,
			);
			path = Swift_learning;
			sourceTree = "<group>";
		};
		3079DFDA2CB174AB0003E9A9 /* chapter_first */ = {
			isa = PBXGroup;
			children = (
				3079DFC92CAD94C30003E9A9 /* main.swift */,
				3079DFD02CAD95DA0003E9A9 /* new.swift */,
				3079DFD22CAF25580003E9A9 /* strings.swift */,
				3079DFD42CAF9A800003E9A9 /* logical_data_type.swift */,
				3079DFD62CAF9C610003E9A9 /* type_aliases.swift */,
				3079DFD82CAF9D8B0003E9A9 /* additional_information_about_data_types.swift */,
			);
			path = chapter_first;
			sourceTree = "<group>";
		};
		308E5D4B2CB174FB00C554C1 /* chapter_second */ = {
			isa = PBXGroup;
			children = (
				30F455722CB3BDDF00E8DED9 /* sequences_and_collections.swift */,
				308E5D4C2CB1752200C554C1 /* tuples.swift */,
				30F455742CB4545C00E8DED9 /* range.swift */,
				30F455762CB5ABE900E8DED9 /* arrays.swift */,
				30F455782CB70B3300E8DED9 /* set.swift */,
				30F4557A2CB834A200E8DED9 /* dictionary.swift */,
				30F4557C2CB86DC600E8DED9 /* string.swift */,
			);
			path = chapter_second;
			sourceTree = "<group>";
		};
		30A214FB2CC77B2E0048338C /* chapter_fourth */ = {
			isa = PBXGroup;
			children = (
				30A214FC2CC77B650048338C /* the_sum_console_application_two_numbers.swift */,
				30A215002CC783C30048338C /* the_console_game_guess_the_number.swift */,
			);
			path = chapter_fourth;
			sourceTree = "<group>";
		};
		30A215022CC83B960048338C /* chapter_fifth */ = {
			isa = PBXGroup;
			children = (
				30A215032CC83BB60048338C /* enum.swift */,
				30A215052CC8B1000048338C /* structure.swift */,
				30A215072CC968900048338C /* class.swift */,
				30A215092CC96BD70048338C /* features.swift */,
			);
			path = chapter_fifth;
			sourceTree = "<group>";
		};
		30F4559B2CB9656A00E8DED9 /* chapter_third */ = {
			isa = PBXGroup;
			children = (
				30F4559C2CB965B200E8DED9 /* the_main_control_operators.swift */,
				30F4559E2CB9B83300E8DED9 /* optional_data_types.swift */,
				30A214F32CC0F3EF0048338C /* functions.swift */,
				30A214F52CC517870048338C /* closure.swift */,
				30A214F72CC63C350048338C /* additional_features.swift */,
				30A214F92CC770C30048338C /* lazy_calculations.swift */,
			);
			path = chapter_third;
			sourceTree = "<group>";
		};
/* End PBXGroup section */

/* Begin PBXNativeTarget section */
		3079DFC52CAD94C30003E9A9 /* Swift_learning */ = {
			isa = PBXNativeTarget;
			buildConfigurationList = 3079DFCD2CAD94C30003E9A9 /* Build configuration list for PBXNativeTarget "Swift_learning" */;
			buildPhases = (
				3079DFC22CAD94C30003E9A9 /* Sources */,
				3079DFC32CAD94C30003E9A9 /* Frameworks */,
				3079DFC42CAD94C30003E9A9 /* CopyFiles */,
			);
			buildRules = (
			);
			dependencies = (
			);
			name = Swift_learning;
			productName = Swift_learning;
			productReference = 3079DFC62CAD94C30003E9A9 /* Swift_learning */;
			productType = "com.apple.product-type.tool";
		};
/* End PBXNativeTarget section */

/* Begin PBXProject section */
		3079DFBE2CAD94C30003E9A9 /* Project object */ = {
			isa = PBXProject;
			attributes = {
				BuildIndependentTargetsInParallel = 1;
				LastSwiftUpdateCheck = 1540;
				LastUpgradeCheck = 1540;
				TargetAttributes = {
					3079DFC52CAD94C30003E9A9 = {
						CreatedOnToolsVersion = 15.4;
					};
				};
			};
			buildConfigurationList = 3079DFC12CAD94C30003E9A9 /* Build configuration list for PBXProject "Swift_learning" */;
			compatibilityVersion = "Xcode 14.0";
			developmentRegion = en;
			hasScannedForEncodings = 0;
			knownRegions = (
				en,
				Base,
			);
			mainGroup = 3079DFBD2CAD94C30003E9A9;
			productRefGroup = 3079DFC72CAD94C30003E9A9 /* Products */;
			projectDirPath = "";
			projectRoot = "";
			targets = (
				3079DFC52CAD94C30003E9A9 /* Swift_learning */,
			);
		};
/* End PBXProject section */

/* Begin PBXSourcesBuildPhase section */
		3079DFC22CAD94C30003E9A9 /* Sources */ = {
			isa = PBXSourcesBuildPhase;
			buildActionMask = 2147483647;
			files = (
				3079DFD12CAD95DA0003E9A9 /* new.swift in Sources */,
				30F4557D2CB86DC600E8DED9 /* string.swift in Sources */,
				3079DFCA2CAD94C30003E9A9 /* main.swift in Sources */,
				30A214F42CC0F3EF0048338C /* functions.swift in Sources */,
				3079DFD32CAF25580003E9A9 /* strings.swift in Sources */,
				30F455752CB4545C00E8DED9 /* range.swift in Sources */,
				30A214FD2CC77B650048338C /* the_sum_console_application_two_numbers.swift in Sources */,
				3079DFD92CAF9D8B0003E9A9 /* additional_information_about_data_types.swift in Sources */,
				30F455772CB5ABE900E8DED9 /* arrays.swift in Sources */,
				3079DFD52CAF9A800003E9A9 /* logical_data_type.swift in Sources */,
				30F455792CB70B3300E8DED9 /* set.swift in Sources */,
				30A214FA2CC770C30048338C /* lazy_calculations.swift in Sources */,
				30A215082CC968900048338C /* class.swift in Sources */,
				30F4559F2CB9B83300E8DED9 /* optional_data_types.swift in Sources */,
				3079DFD72CAF9C610003E9A9 /* type_aliases.swift in Sources */,
				30A215042CC83BB60048338C /* enum.swift in Sources */,
				30F4559D2CB965B200E8DED9 /* the_main_control_operators.swift in Sources */,
				30A215012CC783C30048338C /* the_console_game_guess_the_number.swift in Sources */,
				30A214F82CC63C350048338C /* additional_features.swift in Sources */,
				30A2150A2CC96BD70048338C /* features.swift in Sources */,
				30F4557B2CB834A200E8DED9 /* dictionary.swift in Sources */,
				30A214F62CC517870048338C /* closure.swift in Sources */,
				30A215062CC8B1000048338C /* structure.swift in Sources */,
				30F455732CB3BDDF00E8DED9 /* sequences_and_collections.swift in Sources */,
				308E5D4D2CB1752200C554C1 /* tuples.swift in Sources */,
			);
			runOnlyForDeploymentPostprocessing = 0;
		};
/* End PBXSourcesBuildPhase section */

/* Begin XCBuildConfiguration section */
		3079DFCB2CAD94C30003E9A9 /* Debug */ = {
			isa = XCBuildConfiguration;
			buildSettings = {
				ALWAYS_SEARCH_USER_PATHS = NO;
				ASSETCATALOG_COMPILER_GENERATE_SWIFT_ASSET_SYMBOL_EXTENSIONS = YES;
				CLANG_ANALYZER_NONNULL = YES;
				CLANG_ANALYZER_NUMBER_OBJECT_CONVERSION = YES_AGGRESSIVE;
				CLANG_CXX_LANGUAGE_STANDARD = "gnu++20";
				CLANG_ENABLE_MODULES = YES;
				CLANG_ENABLE_OBJC_ARC = YES;
				CLANG_ENABLE_OBJC_WEAK = YES;
				CLANG_WARN_BLOCK_CAPTURE_AUTORELEASING = YES;
				CLANG_WARN_BOOL_CONVERSION = YES;
				CLANG_WARN_COMMA = YES;
				CLANG_WARN_CONSTANT_CONVERSION = YES;
				CLANG_WARN_DEPRECATED_OBJC_IMPLEMENTATIONS = YES;
				CLANG_WARN_DIRECT_OBJC_ISA_USAGE = YES_ERROR;
				CLANG_WARN_DOCUMENTATION_COMMENTS = YES;
				CLANG_WARN_EMPTY_BODY = YES;
				CLANG_WARN_ENUM_CONVERSION = YES;
				CLANG_WARN_INFINITE_RECURSION = YES;
				CLANG_WARN_INT_CONVERSION = YES;
				CLANG_WARN_NON_LITERAL_NULL_CONVERSION = YES;
				CLANG_WARN_OBJC_IMPLICIT_RETAIN_SELF = YES;
				CLANG_WARN_OBJC_LITERAL_CONVERSION = YES;
				CLANG_WARN_OBJC_ROOT_CLASS = YES_ERROR;
				CLANG_WARN_QUOTED_INCLUDE_IN_FRAMEWORK_HEADER = YES;
				CLANG_WARN_RANGE_LOOP_ANALYSIS = YES;
				CLANG_WARN_STRICT_PROTOTYPES = YES;
				CLANG_WARN_SUSPICIOUS_MOVE = YES;
				CLANG_WARN_UNGUARDED_AVAILABILITY = YES_AGGRESSIVE;
				CLANG_WARN_UNREACHABLE_CODE = YES;
				CLANG_WARN__DUPLICATE_METHOD_MATCH = YES;
				COPY_PHASE_STRIP = NO;
				DEBUG_INFORMATION_FORMAT = dwarf;
				ENABLE_STRICT_OBJC_MSGSEND = YES;
				ENABLE_TESTABILITY = YES;
				ENABLE_USER_SCRIPT_SANDBOXING = YES;
				GCC_C_LANGUAGE_STANDARD = gnu17;
				GCC_DYNAMIC_NO_PIC = NO;
				GCC_NO_COMMON_BLOCKS = YES;
				GCC_OPTIMIZATION_LEVEL = 0;
				GCC_PREPROCESSOR_DEFINITIONS = (
					"DEBUG=1",
					"$(inherited)",
				);
				GCC_WARN_64_TO_32_BIT_CONVERSION = YES;
				GCC_WARN_ABOUT_RETURN_TYPE = YES_ERROR;
				GCC_WARN_UNDECLARED_SELECTOR = YES;
				GCC_WARN_UNINITIALIZED_AUTOS = YES_AGGRESSIVE;
				GCC_WARN_UNUSED_FUNCTION = YES;
				GCC_WARN_UNUSED_VARIABLE = YES;
				LOCALIZATION_PREFERS_STRING_CATALOGS = YES;
				MACOSX_DEPLOYMENT_TARGET = 14.4;
				MTL_ENABLE_DEBUG_INFO = INCLUDE_SOURCE;
				MTL_FAST_MATH = YES;
				ONLY_ACTIVE_ARCH = YES;
				SDKROOT = macosx;
				SWIFT_ACTIVE_COMPILATION_CONDITIONS = "DEBUG $(inherited)";
				SWIFT_OPTIMIZATION_LEVEL = "-Onone";
			};
			name = Debug;
		};
		3079DFCC2CAD94C30003E9A9 /* Release */ = {
			isa = XCBuildConfiguration;
			buildSettings = {
				ALWAYS_SEARCH_USER_PATHS = NO;
				ASSETCATALOG_COMPILER_GENERATE_SWIFT_ASSET_SYMBOL_EXTENSIONS = YES;
				CLANG_ANALYZER_NONNULL = YES;
				CLANG_ANALYZER_NUMBER_OBJECT_CONVERSION = YES_AGGRESSIVE;
				CLANG_CXX_LANGUAGE_STANDARD = "gnu++20";
				CLANG_ENABLE_MODULES = YES;
				CLANG_ENABLE_OBJC_ARC = YES;
				CLANG_ENABLE_OBJC_WEAK = YES;
				CLANG_WARN_BLOCK_CAPTURE_AUTORELEASING = YES;
				CLANG_WARN_BOOL_CONVERSION = YES;
				CLANG_WARN_COMMA = YES;
				CLANG_WARN_CONSTANT_CONVERSION = YES;
				CLANG_WARN_DEPRECATED_OBJC_IMPLEMENTATIONS = YES;
				CLANG_WARN_DIRECT_OBJC_ISA_USAGE = YES_ERROR;
				CLANG_WARN_DOCUMENTATION_COMMENTS = YES;
				CLANG_WARN_EMPTY_BODY = YES;
				CLANG_WARN_ENUM_CONVERSION = YES;
				CLANG_WARN_INFINITE_RECURSION = YES;
				CLANG_WARN_INT_CONVERSION = YES;
				CLANG_WARN_NON_LITERAL_NULL_CONVERSION = YES;
				CLANG_WARN_OBJC_IMPLICIT_RETAIN_SELF = YES;
				CLANG_WARN_OBJC_LITERAL_CONVERSION = YES;
				CLANG_WARN_OBJC_ROOT_CLASS = YES_ERROR;
				CLANG_WARN_QUOTED_INCLUDE_IN_FRAMEWORK_HEADER = YES;
				CLANG_WARN_RANGE_LOOP_ANALYSIS = YES;
				CLANG_WARN_STRICT_PROTOTYPES = YES;
				CLANG_WARN_SUSPICIOUS_MOVE = YES;
				CLANG_WARN_UNGUARDED_AVAILABILITY = YES_AGGRESSIVE;
				CLANG_WARN_UNREACHABLE_CODE = YES;
				CLANG_WARN__DUPLICATE_METHOD_MATCH = YES;
				COPY_PHASE_STRIP = NO;
				DEBUG_INFORMATION_FORMAT = "dwarf-with-dsym";
				ENABLE_NS_ASSERTIONS = NO;
				ENABLE_STRICT_OBJC_MSGSEND = YES;
				ENABLE_USER_SCRIPT_SANDBOXING = YES;
				GCC_C_LANGUAGE_STANDARD = gnu17;
				GCC_NO_COMMON_BLOCKS = YES;
				GCC_WARN_64_TO_32_BIT_CONVERSION = YES;
				GCC_WARN_ABOUT_RETURN_TYPE = YES_ERROR;
				GCC_WARN_UNDECLARED_SELECTOR = YES;
				GCC_WARN_UNINITIALIZED_AUTOS = YES_AGGRESSIVE;
				GCC_WARN_UNUSED_FUNCTION = YES;
				GCC_WARN_UNUSED_VARIABLE = YES;
				LOCALIZATION_PREFERS_STRING_CATALOGS = YES;
				MACOSX_DEPLOYMENT_TARGET = 14.4;
				MTL_ENABLE_DEBUG_INFO = NO;
				MTL_FAST_MATH = YES;
				SDKROOT = macosx;
				SWIFT_COMPILATION_MODE = wholemodule;
			};
			name = Release;
		};
		3079DFCE2CAD94C30003E9A9 /* Debug */ = {
			isa = XCBuildConfiguration;
			buildSettings = {
				CODE_SIGN_STYLE = Automatic;
				DEVELOPMENT_TEAM = G9Q236HNN8;
				ENABLE_HARDENED_RUNTIME = YES;
				PRODUCT_NAME = "$(TARGET_NAME)";
				SWIFT_VERSION = 5.0;
			};
			name = Debug;
		};
		3079DFCF2CAD94C30003E9A9 /* Release */ = {
			isa = XCBuildConfiguration;
			buildSettings = {
				CODE_SIGN_STYLE = Automatic;
				DEVELOPMENT_TEAM = G9Q236HNN8;
				ENABLE_HARDENED_RUNTIME = YES;
				PRODUCT_NAME = "$(TARGET_NAME)";
				SWIFT_VERSION = 5.0;
			};
			name = Release;
		};
/* End XCBuildConfiguration section */

/* Begin XCConfigurationList section */
		3079DFC12CAD94C30003E9A9 /* Build configuration list for PBXProject "Swift_learning" */ = {
			isa = XCConfigurationList;
			buildConfigurations = (
				3079DFCB2CAD94C30003E9A9 /* Debug */,
				3079DFCC2CAD94C30003E9A9 /* Release */,
			);
			defaultConfigurationIsVisible = 0;
			defaultConfigurationName = Release;
		};
		3079DFCD2CAD94C30003E9A9 /* Build configuration list for PBXNativeTarget "Swift_learning" */ = {
			isa = XCConfigurationList;
			buildConfigurations = (
				3079DFCE2CAD94C30003E9A9 /* Debug */,
				3079DFCF2CAD94C30003E9A9 /* Release */,
			);
			defaultConfigurationIsVisible = 0;
			defaultConfigurationName = Release;
		};
/* End XCConfigurationList section */
	};
	rootObject = 3079DFBE2CAD94C30003E9A9 /* Project object */;
}
